{
  "name": "load-data",
  "version": "1.0.0",
  "lockfileVersion": 1,
  "requires": true,
  "dependencies": {
    "cfn-response": {
      "version": "1.0.1",
      "resolved": "https://registry.npmjs.org/cfn-response/-/cfn-response-1.0.1.tgz",
      "integrity": "sha1-qOwDlQwGg8UUlejKaA2dwLiEsTc="
    }
  }
}
