{
    "name": "text-2-sql-agent-cdk-enhanced",
    "lockfileVersion": 3,
    "requires": true,
    "packages": {
        "": {
            "dependencies": {
                "aws-cdk-lib": "^2.38.0",
                "constructs": "^10.0.0"
            },
            "devDependencies": {
                "aws-cdk-lib": "2.38.0"
            },
            "peerDependencies": {
                "aws-cdk-lib": "^2.38.0",
                "constructs": "^10.0.0"
            }
        },
        "node_modules/aws-cdk-lib": {
            "version": "2.38.0",
            "resolved": "https://registry.npmjs.org/aws-cdk-lib/-/aws-cdk-lib-2.38.0.tgz",
            "integrity": "sha512-OV2F4tcPgQH7P9wWYtS5m8hfO9Bup1FSkHUCzinW42oKTNk717CelkCIZ+aEzf3jdMjyeeNYEIEb++QTU4jdFQ==",
            "bundleDependencies": [
                "@balena/dockerignore",
                "case",
                "fs-extra",
                "ignore",
                "jsonschema",
                "minimatch",
                "punycode",
                "semver",
                "yaml"
            ],
            "dev": true,
            "dependencies": {
                "@balena/dockerignore": "^1.0.2",
                "case": "1.6.3",
                "fs-extra": "^9.1.0",
                "ignore": "^5.2.0",
                "jsonschema": "^1.4.1",
                "minimatch": "^3.1.2",
                "punycode": "^2.1.1",
                "semver": "^7.3.7",
                "yaml": "1.10.2"
            },
            "engines": {
                "node": ">= 14.15.0"
            },
            "peerDependencies": {
                "constructs": "^10.0.0"
            }
        },
        "node_modules/aws-cdk-lib/node_modules/@balena/dockerignore": {
            "version": "1.0.2",
            "dev": true,
            "inBundle": true,
            "license": "Apache-2.0"
        },
        "node_modules/aws-cdk-lib/node_modules/at-least-node": {
            "version": "1.0.0",
            "dev": true,
            "inBundle": true,
            "license": "ISC",
            "engines": {
                "node": ">= 4.0.0"
            }
        },
        "node_modules/aws-cdk-lib/node_modules/balanced-match": {
            "version": "1.0.2",
            "dev": true,
            "inBundle": true,
            "license": "MIT"
        },
        "node_modules/aws-cdk-lib/node_modules/brace-expansion": {
            "version": "1.1.11",
            "dev": true,
            "inBundle": true,
            "license": "MIT",
            "dependencies": {
                "balanced-match": "^1.0.0",
                "concat-map": "0.0.1"
            }
        },
        "node_modules/aws-cdk-lib/node_modules/case": {
            "version": "1.6.3",
            "dev": true,
            "inBundle": true,
            "license": "(MIT OR GPL-3.0-or-later)",
            "engines": {
                "node": ">= 0.8.0"
            }
        },
        "node_modules/aws-cdk-lib/node_modules/concat-map": {
            "version": "0.0.1",
            "dev": true,
            "inBundle": true,
            "license": "MIT"
        },
        "node_modules/aws-cdk-lib/node_modules/fs-extra": {
            "version": "9.1.0",
            "dev": true,
            "inBundle": true,
            "license": "MIT",
            "dependencies": {
                "at-least-node": "^1.0.0",
                "graceful-fs": "^4.2.0",
                "jsonfile": "^6.0.1",
                "universalify": "^2.0.0"
            },
            "engines": {
                "node": ">=10"
            }
        },
        "node_modules/aws-cdk-lib/node_modules/graceful-fs": {
            "version": "4.2.10",
            "dev": true,
            "inBundle": true,
            "license": "ISC"
        },
        "node_modules/aws-cdk-lib/node_modules/ignore": {
            "version": "5.2.0",
            "dev": true,
            "inBundle": true,
            "license": "MIT",
            "engines": {
                "node": ">= 4"
            }
        },
        "node_modules/aws-cdk-lib/node_modules/jsonfile": {
            "version": "6.1.0",
            "dev": true,
            "inBundle": true,
            "license": "MIT",
            "dependencies": {
                "universalify": "^2.0.0"
            },
            "optionalDependencies": {
                "graceful-fs": "^4.1.6"
            }
        },
        "node_modules/aws-cdk-lib/node_modules/jsonschema": {
            "version": "1.4.1",
            "dev": true,
            "inBundle": true,
            "license": "MIT",
            "engines": {
                "node": "*"
            }
        },
        "node_modules/aws-cdk-lib/node_modules/lru-cache": {
            "version": "6.0.0",
            "dev": true,
            "inBundle": true,
            "license": "ISC",
            "dependencies": {
                "yallist": "^4.0.0"
            },
            "engines": {
                "node": ">=10"
            }
        },
        "node_modules/aws-cdk-lib/node_modules/minimatch": {
            "version": "3.1.2",
            "dev": true,
            "inBundle": true,
            "license": "ISC",
            "dependencies": {
                "brace-expansion": "^1.1.7"
            },
            "engines": {
                "node": "*"
            }
        },
        "node_modules/aws-cdk-lib/node_modules/punycode": {
            "version": "2.1.1",
            "dev": true,
            "inBundle": true,
            "license": "MIT",
            "engines": {
                "node": ">=6"
            }
        },
        "node_modules/aws-cdk-lib/node_modules/semver": {
            "version": "7.3.7",
            "dev": true,
            "inBundle": true,
            "license": "ISC",
            "dependencies": {
                "lru-cache": "^6.0.0"
            },
            "bin": {
                "semver": "bin/semver.js"
            },
            "engines": {
                "node": ">=10"
            }
        },
        "node_modules/aws-cdk-lib/node_modules/universalify": {
            "version": "2.0.0",
            "dev": true,
            "inBundle": true,
            "license": "MIT",
            "engines": {
                "node": ">= 10.0.0"
            }
        },
        "node_modules/aws-cdk-lib/node_modules/yallist": {
            "version": "4.0.0",
            "dev": true,
            "inBundle": true,
            "license": "ISC"
        },
        "node_modules/aws-cdk-lib/node_modules/yaml": {
            "version": "1.10.2",
            "dev": true,
            "inBundle": true,
            "license": "ISC",
            "engines": {
                "node": ">= 6"
            }
        },
        "node_modules/constructs": {
            "version": "10.3.0",
            "resolved": "https://registry.npmjs.org/constructs/-/constructs-10.3.0.tgz",
            "integrity": "sha512-vbK8i3rIb/xwZxSpTjz3SagHn1qq9BChLEfy5Hf6fB3/2eFbrwt2n9kHwQcS0CPTRBesreeAcsJfMq2229FnbQ==",
            "engines": {
                "node": ">= 16.14.0"
            }
        }
    }
}
